
Microsoft Visual Studio Solution File, Format Version 12.00
# Visual Studio Version 17
VisualStudioVersion = 17.14.37628.2 d17.14
MinimumVisualStudioVersion = 10.0.40219.1
Project("{FAE04EC0-301F-11D3-BF4B-00C04F79EFBC}") = "Infection", "Infection.csproj", "{AB0DAFD0-D583-47A9-8A7B-FC517CE30133}"
EndProject
Global
	GlobalSection(SolutionConfigurationPlatforms) = preSolution
		Debug|Any CPU = Debug|Any CPU
		Debug|x64 = Debug|x64
		Release|Any CPU = Release|Any CPU
		Release|x64 = Release|x64
	EndGlobalSection
	GlobalSection(ProjectConfigurationPlatforms) = postSolution
		{AB0DAFD0-D583-47A9-8A7B-FC517CE30133}.Debug|Any CPU.ActiveCfg = Debug|Any CPU
		{AB0DAFD0-D583-47A9-8A7B-FC517CE30133}.Debug|Any CPU.Build.0 = Debug|Any CPU
		{AB0DAFD0-D583-47A9-8A7B-FC517CE30133}.Debug|x64.ActiveCfg = Debug|x64
		{AB0DAFD0-D583-47A9-8A7B-FC517CE30133}.Debug|x64.Build.0 = Debug|x64
		{AB0DAFD0-D583-47A9-8A7B-FC517CE30133}.Release|Any CPU.ActiveCfg = Release|Any CPU
		{AB0DAFD0-D583-47A9-8A7B-FC517CE30133}.Release|Any CPU.Build.0 = Release|Any CPU
		{AB0DAFD0-D583-47A9-8A7B-FC517CE30133}.Release|x64.ActiveCfg = Release|x64
		{AB0DAFD0-D583-47A9-8A7B-FC517CE30133}.Release|x64.Build.0 = Release|x64
	EndGlobalSection
	GlobalSection(SolutionProperties) = preSolution
		HideSolutionNode = FALSE
	EndGlobalSection
	GlobalSection(ExtensibilityGlobals) = postSolution
		SolutionGuid = {E0AEF8E2-AEF4-4ED8-A50F-841E6ACA1009}
	EndGlobalSection
EndGlobal
